
Microsoft Visual Studio Solution File, Format Version 12.00
# Visual Studio Version 17
VisualStudioVersion = 17.0.31717.71
MinimumVisualStudioVersion = 10.0.40219.1
Project("{FAE04EC0-301F-11D3-BF4B-00C04F79EFBC}") = "Crud", "Crud\Crud.csproj", "{3F97B53C-E1E0-41DD-91E9-71CF66BE8D7F}"
EndProject
Global
	GlobalSection(SolutionConfigurationPlatforms) = preSolution
		Debug|Any CPU = Debug|Any CPU
		Release|Any CPU = Release|Any CPU
	EndGlobalSection
	GlobalSection(ProjectConfigurationPlatforms) = postSolution
		{3F97B53C-E1E0-41DD-91E9-71CF66BE8D7F}.Debug|Any CPU.ActiveCfg = Debug|Any CPU
		{3F97B53C-E1E0-41DD-91E9-71CF66BE8D7F}.Debug|Any CPU.Build.0 = Debug|Any CPU
		{3F97B53C-E1E0-41DD-91E9-71CF66BE8D7F}.Release|Any CPU.ActiveCfg = Release|Any CPU
		{3F97B53C-E1E0-41DD-91E9-71CF66BE8D7F}.Release|Any CPU.Build.0 = Release|Any CPU
	EndGlobalSection
	GlobalSection(SolutionProperties) = preSolution
		HideSolutionNode = FALSE
	EndGlobalSection
	GlobalSection(ExtensibilityGlobals) = postSolution
		SolutionGuid = {5841E199-1308-4C73-890C-36B970E29C26}
	EndGlobalSection
EndGlobal
